
Microsoft Visual Studio Solution File, Format Version 12.00
# Visual Studio 15
Project("{FAE04EC0-301F-11D3-BF4B-00C04F79EFBC}") = "mdClone", "Assembly-CSharp.csproj", "{529F65AC-F0FF-973B-9B63-22091096E374}"
EndProject
Project("{FAE04EC0-301F-11D3-BF4B-00C04F79EFBC}") = "mdClone", "Assembly-CSharp-Editor.csproj", "{DEC1F8B0-3E14-B243-588D-1B7F062A8B78}"
EndProject
Global
	GlobalSection(SolutionConfigurationPlatforms) = preSolution
		Debug|Any CPU = Debug|Any CPU
		Release|Any CPU = Release|Any CPU
	EndGlobalSection
	GlobalSection(ProjectConfigurationPlatforms) = postSolution
		{529F65AC-F0FF-973B-9B63-22091096E374}.Debug|Any CPU.ActiveCfg = Debug|Any CPU
		{529F65AC-F0FF-973B-9B63-22091096E374}.Debug|Any CPU.Build.0 = Debug|Any CPU
		{529F65AC-F0FF-973B-9B63-22091096E374}.Release|Any CPU.ActiveCfg = Release|Any CPU
		{529F65AC-F0FF-973B-9B63-22091096E374}.Release|Any CPU.Build.0 = Release|Any CPU
		{DEC1F8B0-3E14-B243-588D-1B7F062A8B78}.Debug|Any CPU.ActiveCfg = Debug|Any CPU
		{DEC1F8B0-3E14-B243-588D-1B7F062A8B78}.Debug|Any CPU.Build.0 = Debug|Any CPU
		{DEC1F8B0-3E14-B243-588D-1B7F062A8B78}.Release|Any CPU.ActiveCfg = Release|Any CPU
		{DEC1F8B0-3E14-B243-588D-1B7F062A8B78}.Release|Any CPU.Build.0 = Release|Any CPU
	EndGlobalSection
	GlobalSection(SolutionProperties) = preSolution
		HideSolutionNode = FALSE
	EndGlobalSection
EndGlobal
